# This file is generated by running "yarn install" inside your project.
# Manual changes might be lost - proceed with caution!

__metadata:
  version: 10
  cacheKey: 10c0

"@fastify/accept-negotiator@npm:^2.0.0":
  version: 2.1.0
  resolution: "@fastify/accept-negotiator@npm:2.1.0"
  checksum: 10c0/91024193e2a11549aea222fde8f63f81a6d9d4f410162f2123de9088ee0ed45603798bd9ad2aa23ab9cbc4e895e4ef918f3639b551410a356ddeb00816c30981
  languageName: node
  linkType: hard

"@fastify/ajv-compiler@npm:^4.0.5":
  version: 4.0.6
  resolution: "@fastify/ajv-compiler@npm:4.0.6"
  dependencies:
    ajv: "npm:^8.12.0"
    ajv-formats: "npm:^3.0.1"
    fast-uri: "npm:^4.0.0"
  checksum: 10c0/dfaa02348b07b2d245c2092ab96d606befe729710692852087287275eb2c67fa24eeb5561447cd16a91ec30c7ccbcb0df6c89bed63c09718c92cdfc7a322ce4b
  languageName: node
  linkType: hard

"@fastify/cookie@npm:^11.1.2":
  version: 11.1.2
  resolution: "@fastify/cookie@npm:11.1.2"
  dependencies:
    cookie: "npm:^2.0.0"
    fastify-plugin: "npm:^6.0.0"
  checksum: 10c0/6fe2e18ad2387a789e4807678d20baa6926c616bfe237cf32dda0dc5de44d3d558220d445f9870444a81808c34f7599e8843b1e015e85dc761c7d5bb1b7b5235
  languageName: node
  linkType: hard

"@fastify/error@npm:^4.0.0":
  version: 4.2.0
  resolution: "@fastify/error@npm:4.2.0"
  checksum: 10c0/8bdafe95b368a71dfc5644ef22e0a2412dfbb2f300cf4658fdbd9035c96d7c034c53fd7d38e1150437d9cf7a2d75e6bd05e458cf9ba5f2e47e527df8a5e0bd4e
  languageName: node
  linkType: hard

"@fastify/fast-json-stringify-compiler@npm:^5.0.0":
  version: 5.1.0
  resolution: "@fastify/fast-json-stringify-compiler@npm:5.1.0"
  dependencies:
    fast-json-stringify: "npm:^7.0.0"
  checksum: 10c0/f322d262071cd6b449adcc7f3d637506f8fa274e42a98d6588efe5ea81bdf3f745f93d5e3c4101fe362608135b0ce40d9c12be3299d9f53e752c7b7fa704cbad
  languageName: node
  linkType: hard

"@fastify/forwarded@npm:^3.0.0":
  version: 3.0.2
  resolution: "@fastify/forwarded@npm:3.0.2"
  checksum: 10c0/7db2af5d1cc0ca2a8897be581ae790192ab6dd0abdbc93e64ea7800b4da6a01e7ffa8805d491ea1424ae1d6943eb5a5ac2b7409556bbb4bf630e7a434804192c
  languageName: node
  linkType: hard

"@fastify/merge-json-schemas@npm:^0.2.0":
  version: 0.2.1
  resolution: "@fastify/merge-json-schemas@npm:0.2.1"
  dependencies:
    dequal: "npm:^2.0.3"
  checksum: 10c0/dfa884a8f62d53f71de273fdcd0e501b213367767a7d8c522ae87ba6fb571b3eea85175d6e019036d7c0c5419be60305abe54899b9459f76ed5333358699efcb
  languageName: node
  linkType: hard

"@fastify/proxy-addr@npm:^5.0.0":
  version: 5.1.1
  resolution: "@fastify/proxy-addr@npm:5.1.1"
  dependencies:
    "@fastify/forwarded": "npm:^3.0.0"
    ipaddr.js: "npm:^2.1.0"
  checksum: 10c0/2ad5988f54cc0fc5e12b27b143509be14d80810cffd8a7ccd448b953b4db16dc8aa0e230a918aca7601305790a891300a75aae777df4a180743a061f88d186f0
  languageName: node
  linkType: hard

"@fastify/send@npm:^4.0.0":
  version: 4.1.1
  resolution: "@fastify/send@npm:4.1.1"
  dependencies:
    "@lukeed/ms": "npm:^2.0.2"
    escape-html: "npm:~1.0.3"
    fast-decode-uri-component: "npm:^1.0.1"
    http-errors: "npm:^2.0.0"
    mime: "npm:^3"
  checksum: 10c0/e2bc6e0b4a7bda4f84102b6ecdb847d093952fe8843ccdba4392b9db1f827f468997142a20a5ea99fd06be918238432fecbec08e08ca5b1b355e825a7a9f6181
  languageName: node
  linkType: hard

"@fastify/session@npm:^11.1.3":
  version: 11.1.3
  resolution: "@fastify/session@npm:11.1.3"
  dependencies:
    fastify-plugin: "npm:^6.0.0"
    safe-stable-stringify: "npm:^2.4.3"
  checksum: 10c0/95b0132c4a56c674f4426eefba9a4e3f5046b028d4035d956553b15f32be77290cd31fe1147a067f8079479974d07861f9d56bedd19a8a6f8ddcd063bcdff6ac
  languageName: node
  linkType: hard

"@fastify/static@npm:^10.1.5":
  version: 10.1.5
  resolution: "@fastify/static@npm:10.1.5"
  dependencies:
    "@fastify/accept-negotiator": "npm:^2.0.0"
    "@fastify/error": "npm:^4.0.0"
    "@fastify/send": "npm:^4.0.0"
    content-disposition: "npm:^3.0.0"
    fastify-plugin: "npm:^6.0.0"
    fastq: "npm:^1.17.1"
    glob: "npm:^13.0.0"
  checksum: 10c0/6f9c3f7cbbc8edbbc1fb9590adf054e9580d1a76996ad6ea4ddee18e620dea29ac139f5131d6f31a3f1b41b5b0d96baa97aed5d4cb9ef0de947feaf2d1c27524
  languageName: node
  linkType: hard

"@isaacs/fs-minipass@npm:^4.0.0":
  version: 4.0.1
  resolution: "@isaacs/fs-minipass@npm:4.0.1"
  dependencies:
    minipass: "npm:^7.0.4"
  checksum: 10c0/c25b6dc1598790d5b55c0947a9b7d111cfa92594db5296c3b907e2f533c033666f692a3939eadac17b1c7c40d362d0b0635dc874cbfe3e70db7c2b07cc97a5d2
  languageName: node
  linkType: hard

"@lukeed/ms@npm:^2.0.2":
  version: 2.0.2
  resolution: "@lukeed/ms@npm:2.0.2"
  checksum: 10c0/843b922717313bcde4943f478145d8bc13115b9b91d83bbaed53739b5644122984412310aed574792f4e6b492f2cbda178175f601856d310f67e14834c3f17a0
  languageName: node
  linkType: hard

"@pinojs/redact@npm:^0.4.0":
  version: 0.4.0
  resolution: "@pinojs/redact@npm:0.4.0"
  checksum: 10c0/4b311ba17ee0cf154ff9c39eb063ec04cd0d0017cb3750efcdf06c2d485df3e1095e13e872175993568c5568c23e4508dd877c981bbc9c5ae5e384d569efcdff
  languageName: node
  linkType: hard

"abbrev@npm:^5.0.0":
  version: 5.0.0
  resolution: "abbrev@npm:5.0.0"
  checksum: 10c0/8e88f5c798ea4562d28c5a3e9ad69e3879890bc5d695d8f2dffb8609be4c890aacc8f80ef4553fdd2c6a62d70c2ce8bc57b38074e383beb7487bdafa9ed42ea5
  languageName: node
  linkType: hard

"abstract-logging@npm:^2.0.1":
  version: 2.0.1
  resolution: "abstract-logging@npm:2.0.1"
  checksum: 10c0/304879d9babcf6772260e5ddde632e6428e1f42f7a7a116d4689e97ad813a20e0ec2dd1e0a122f3617557f40091b9ca85735de4b48c17a2041268cb47b3f8ef1
  languageName: node
  linkType: hard

"ajv-formats@npm:^3.0.1":
  version: 3.0.1
  resolution: "ajv-formats@npm:3.0.1"
  dependencies:
    ajv: "npm:^8.0.0"
  peerDependencies:
    ajv: ^8.0.0
  peerDependenciesMeta:
    ajv:
      optional: true
  checksum: 10c0/168d6bca1ea9f163b41c8147bae537e67bd963357a5488a1eaf3abe8baa8eec806d4e45f15b10767e6020679315c7e1e5e6803088dfb84efa2b4e9353b83dd0a
  languageName: node
  linkType: hard

"ajv@npm:^8.0.0, ajv@npm:^8.12.0":
  version: 8.20.0
  resolution: "ajv@npm:8.20.0"
  dependencies:
    fast-deep-equal: "npm:^3.1.3"
    fast-uri: "npm:^3.0.1"
    json-schema-traverse: "npm:^1.0.0"
    require-from-string: "npm:^2.0.2"
  checksum: 10c0/5df9a1c8f83863cde1bd3a9ddb426f599718f88e3dc9153616c79fb28e0be455335830d7f21d745576519f057b371352daa31047b6a33d7036fe08777d60cf2a
  languageName: node
  linkType: hard

"anymatch@npm:~3.1.2":
  version: 3.1.3
  resolution: "anymatch@npm:3.1.3"
  dependencies:
    normalize-path: "npm:^3.0.0"
    picomatch: "npm:^2.0.4"
  checksum: 10c0/57b06ae984bc32a0d22592c87384cd88fe4511b1dd7581497831c56d41939c8a001b28e7b853e1450f2bf61992dfcaa8ae2d0d161a0a90c4fb631ef07098fbac
  languageName: node
  linkType: hard

"atomic-sleep@npm:^1.0.0":
  version: 1.0.0
  resolution: "atomic-sleep@npm:1.0.0"
  checksum: 10c0/e329a6665512736a9bbb073e1761b4ec102f7926cce35037753146a9db9c8104f5044c1662e4a863576ce544fb8be27cd2be6bc8c1a40147d03f31eb1cfb6e8a
  languageName: node
  linkType: hard

"avvio@npm:^9.0.0":
  version: 9.3.0
  resolution: "avvio@npm:9.3.0"
  dependencies:
    "@fastify/error": "npm:^4.0.0"
    fastq: "npm:^1.17.1"
  checksum: 10c0/faa7bfc0bae70d7c30d56252fbe4671ebbf1e0b8c1bdb3d1febcad6549d3521d7bd0e535f903310d5a6af357447fc9cf6407229c7d46b2f2502d40dca341f625
  languageName: node
  linkType: hard

"balanced-match@npm:^4.0.2":
  version: 4.0.4
  resolution: "balanced-match@npm:4.0.4"
  checksum: 10c0/07e86102a3eb2ee2a6a1a89164f29d0dbaebd28f2ca3f5ca786f36b8b23d9e417eb3be45a4acf754f837be5ac0a2317de90d3fcb7f4f4dc95720a1f36b26a17b
  languageName: node
  linkType: hard

"bcrypt@npm:^6.0.0":
  version: 6.0.0
  resolution: "bcrypt@npm:6.0.0"
  dependencies:
    node-addon-api: "npm:^8.3.0"
    node-gyp: "npm:latest"
    node-gyp-build: "npm:^4.8.4"
  checksum: 10c0/006e69d4b3f0f021051fa9d998a768721a51dde28e7848e3e775ab608ba3476b25fa9262a7082ececbb0d493b0b6ca83673a6f3810b114fe90ec1bc6ae4b35b2
  languageName: node
  linkType: hard

"binary-extensions@npm:^2.0.0":
  version: 2.3.0
  resolution: "binary-extensions@npm:2.3.0"
  checksum: 10c0/75a59cafc10fb12a11d510e77110c6c7ae3f4ca22463d52487709ca7f18f69d886aa387557cc9864fbdb10153d0bdb4caacabf11541f55e89ed6e18d12ece2b5
  languageName: node
  linkType: hard

"brace-expansion@npm:^5.0.8":
  version: 5.0.12
  resolution: "brace-expansion@npm:5.0.12"
  dependencies:
    balanced-match: "npm:^4.0.2"
  checksum: 10c0/a40ac64d3bdb5bb222456514d3633c1f627f03b844f509c69e70f98b78be0ce85e21b44bbfecdd0ddd4cc0855ca4242b41ea96ddccf88c7c3c7a84405474bb3a
  languageName: node
  linkType: hard

"braces@npm:~3.0.2":
  version: 3.0.3
  resolution: "braces@npm:3.0.3"
  dependencies:
    fill-range: "npm:^7.1.1"
  checksum: 10c0/7c6dfd30c338d2997ba77500539227b9d1f85e388a5f43220865201e407e076783d0881f2d297b9f80951b4c957fcf0b51c1d2d24227631643c3f7c284b0aa04
  languageName: node
  linkType: hard

"chokidar@npm:^3.5.2":
  version: 3.6.0
  resolution: "chokidar@npm:3.6.0"
  dependencies:
    anymatch: "npm:~3.1.2"
    braces: "npm:~3.0.2"
    fsevents: "npm:~2.3.2"
    glob-parent: "npm:~5.1.2"
    is-binary-path: "npm:~2.1.0"
    is-glob: "npm:~4.0.1"
    normalize-path: "npm:~3.0.0"
    readdirp: "npm:~3.6.0"
  dependenciesMeta:
    fsevents:
      optional: true
  checksum: 10c0/8361dcd013f2ddbe260eacb1f3cb2f2c6f2b0ad118708a343a5ed8158941a39cb8fb1d272e0f389712e74ee90ce8ba864eece9e0e62b9705cb468a2f6d917462
  languageName: node
  linkType: hard

"chownr@npm:^3.0.0":
  version: 3.0.0
  resolution: "chownr@npm:3.0.0"
  checksum: 10c0/43925b87700f7e3893296c8e9c56cc58f926411cce3a6e5898136daaf08f08b9a8eb76d37d3267e707d0dcc17aed2e2ebdf5848c0c3ce95cf910a919935c1b10
  languageName: node
  linkType: hard

"content-disposition@npm:^3.0.0":
  version: 3.0.0
  resolution: "content-disposition@npm:3.0.0"
  checksum: 10c0/6b35c4e1f28eda550852b049b92aeb36d56a002fe534d1f58b86b19ac29e25a8ff2d3ce723942a5573c3667a2f4b3fd9cb6cc58385ad96cd1236278f7d624bab
  languageName: node
  linkType: hard

"cookie@npm:^1.0.1":
  version: 1.1.1
  resolution: "cookie@npm:1.1.1"
  checksum: 10c0/79c4ddc0fcad9c4f045f826f42edf54bcc921a29586a4558b0898277fa89fb47be95bc384c2253f493af7b29500c830da28341274527328f18eba9f58afa112c
  languageName: node
  linkType: hard

"cookie@npm:^2.0.0":
  version: 2.0.1
  resolution: "cookie@npm:2.0.1"
  checksum: 10c0/dcf3bd6ec9d0f4f32be7575e23242866cb53be55fc3d4cf36215638596661cec1327a3b4ca286ba15eba8f2abd443e422b8c5f708af4ea9f75b4d3dedc67ee4c
  languageName: node
  linkType: hard

"debug@npm:^4":
  version: 4.4.3
  resolution: "debug@npm:4.4.3"
  dependencies:
    ms: "npm:^2.1.3"
  peerDependenciesMeta:
    supports-color:
      optional: true
  checksum: 10c0/d79136ec6c83ecbefd0f6a5593da6a9c91ec4d7ddc4b54c883d6e71ec9accb5f67a1a5e96d00a328196b5b5c86d365e98d8a3a70856aaf16b4e7b1985e67f5a6
  languageName: node
  linkType: hard

"depd@npm:~2.0.0":
  version: 2.0.0
  resolution: "depd@npm:2.0.0"
  checksum: 10c0/58bd06ec20e19529b06f7ad07ddab60e504d9e0faca4bd23079fac2d279c3594334d736508dc350e06e510aba5e22e4594483b3a6562ce7c17dd797f4cc4ad2c
  languageName: node
  linkType: hard

"dequal@npm:^2.0.3":
  version: 2.0.3
  resolution: "dequal@npm:2.0.3"
  checksum: 10c0/f98860cdf58b64991ae10205137c0e97d384c3a4edc7f807603887b7c4b850af1224a33d88012009f150861cbee4fa2d322c4cc04b9313bee312e47f6ecaa888
  languageName: node
  linkType: hard

"env-paths@npm:^2.2.0":
  version: 2.2.1
  resolution: "env-paths@npm:2.2.1"
  checksum: 10c0/285325677bf00e30845e330eec32894f5105529db97496ee3f598478e50f008c5352a41a30e5e72ec9de8a542b5a570b85699cd63bd2bc646dbcb9f311d83bc4
  languageName: node
  linkType: hard

"escape-html@npm:~1.0.3":
  version: 1.0.3
  resolution: "escape-html@npm:1.0.3"
  checksum: 10c0/524c739d776b36c3d29fa08a22e03e8824e3b2fd57500e5e44ecf3cc4707c34c60f9ca0781c0e33d191f2991161504c295e98f68c78fe7baa6e57081ec6ac0a3
  languageName: node
  linkType: hard

"exponential-backoff@npm:^3.1.1":
  version: 3.1.3
  resolution: "exponential-backoff@npm:3.1.3"
  checksum: 10c0/77e3ae682b7b1f4972f563c6dbcd2b0d54ac679e62d5d32f3e5085feba20483cf28bd505543f520e287a56d4d55a28d7874299941faf637e779a1aa5994d1267
  languageName: node
  linkType: hard

"fast-decode-uri-component@npm:^1.0.1":
  version: 1.0.1
  resolution: "fast-decode-uri-component@npm:1.0.1"
  checksum: 10c0/039d50c2e99d64f999c3f2126c23fbf75a04a4117e218a149ca0b1d2aeb8c834b7b19d643b9d35d4eabce357189a6a94085f78cf48869e6e26cc59b036284bc3
  languageName: node
  linkType: hard

"fast-deep-equal@npm:^3.1.3":
  version: 3.1.3
  resolution: "fast-deep-equal@npm:3.1.3"
  checksum: 10c0/40dedc862eb8992c54579c66d914635afbec43350afbbe991235fdcb4e3a8d5af1b23ae7e79bef7d4882d0ecee06c3197488026998fb19f72dc95acff1d1b1d0
  languageName: node
  linkType: hard

"fast-json-stringify@npm:^7.0.0":
  version: 7.0.1
  resolution: "fast-json-stringify@npm:7.0.1"
  dependencies:
    "@fastify/merge-json-schemas": "npm:^0.2.0"
    ajv: "npm:^8.12.0"
    ajv-formats: "npm:^3.0.1"
    fast-uri: "npm:^4.0.0"
    json-schema-ref-resolver: "npm:^3.0.0"
    rfdc: "npm:^1.2.0"
  checksum: 10c0/02da1a456a13bd36aecf50255f04514719d77c295a9fbfac53f7d17f6d8e0bc574b2457a899384fc243637e73b047f8f375d9b2fb3c2c265c6e53dad464b40e0
  languageName: node
  linkType: hard

"fast-querystring@npm:^1.0.0":
  version: 1.1.2
  resolution: "fast-querystring@npm:1.1.2"
  dependencies:
    fast-decode-uri-component: "npm:^1.0.1"
  checksum: 10c0/e8223273a9b199722f760f5a047a77ad049a14bd444b821502cb8218f5925e3a5fffb56b64389bca73ab2ac6f1aa7aebbe4e203e5f6e53ff5978de97c0fde4e3
  languageName: node
  linkType: hard

"fast-uri@npm:^3.0.1":
  version: 3.1.8
  resolution: "fast-uri@npm:3.1.8"
  checksum: 10c0/c9c47860a7f9110176d94bb30a02942182f0bfc8d6780e9702f320336dc2dadb83b1d9879cceaf8d4b439642d1ec6d78c317cb808ab155455551bd5d9d7c22d8
  languageName: node
  linkType: hard

"fast-uri@npm:^4.0.0":
  version: 4.2.1
  resolution: "fast-uri@npm:4.2.1"
  checksum: 10c0/a6ecc2d8a2ed340e3e8895e8d201a54454bf29141539c784cbc2a9aa6be274e74eb032ab2f09c7136f096cacd5b7af601ef0c5fd86f2492faebb9b64502d9410
  languageName: node
  linkType: hard

"fastify-plugin@npm:^6.0.0":
  version: 6.0.0
  resolution: "fastify-plugin@npm:6.0.0"
  checksum: 10c0/4d9207efcbb0e6e8bd849eb8e00b097ae2d73590b1499f51d0bed135d08664e19d9428f2e8fc1a126b55ec4d2ac011dbcc72e753c255c46a751d6d34b57e5d4f
  languageName: node
  linkType: hard

"fastify@npm:^5.12.5":
  version: 5.12.5
  resolution: "fastify@npm:5.12.5"
  dependencies:
    "@fastify/ajv-compiler": "npm:^4.0.5"
    "@fastify/error": "npm:^4.0.0"
    "@fastify/fast-json-stringify-compiler": "npm:^5.0.0"
    "@fastify/proxy-addr": "npm:^5.0.0"
    abstract-logging: "npm:^2.0.1"
    avvio: "npm:^9.0.0"
    fast-json-stringify: "npm:^7.0.0"
    find-my-way: "npm:^9.6.0"
    light-my-request: "npm:^6.0.0"
    pino: "npm:^9.14.0 || ^10.1.0"
    process-warning: "npm:^5.1.0"
    rfdc: "npm:^1.3.1"
    secure-json-parse: "npm:^4.0.0"
    semver: "npm:^7.6.0"
    toad-cache: "npm:^3.7.0"
  checksum: 10c0/ed18ec344f8a007fb6aea1ad25924076334fab53f2403178d1db56e1f80a5da0f3db4c3a309ef1ae834fc3f20be2444dcc746ce3944093f95e827f66b1e2fbd5
  languageName: node
  linkType: hard

"fastq@npm:^1.17.1":
  version: 1.20.3
  resolution: "fastq@npm:1.20.3"
  dependencies:
    reusify: "npm:^1.0.4"
  checksum: 10c0/ad055a1b50f7ec9142d2e13699ad6c4d1fa9fea1d947fff89de1b5ea3825223e9a626c359b3a0f21aefbe093cc2a9e92a91e068f982a2b176af16b9ea430ffc5
  languageName: node
  linkType: hard

"fdir@npm:^6.5.0":
  version: 6.5.0
  resolution: "fdir@npm:6.5.0"
  peerDependencies:
    picomatch: ^3 || ^4
  peerDependenciesMeta:
    picomatch:
      optional: true
  checksum: 10c0/e345083c4306b3aed6cb8ec551e26c36bab5c511e99ea4576a16750ddc8d3240e63826cc624f5ae17ad4dc82e68a253213b60d556c11bfad064b7607847ed07f
  languageName: node
  linkType: hard

"fill-range@npm:^7.1.1":
  version: 7.1.1
  resolution: "fill-range@npm:7.1.1"
  dependencies:
    to-regex-range: "npm:^5.0.1"
  checksum: 10c0/b75b691bbe065472f38824f694c2f7449d7f5004aa950426a2c28f0306c60db9b880c0b0e4ed819997ffb882d1da02cfcfc819bddc94d71627f5269682edf018
  languageName: node
  linkType: hard

"find-my-way@npm:^9.6.0":
  version: 9.9.0
  resolution: "find-my-way@npm:9.9.0"
  dependencies:
    fast-deep-equal: "npm:^3.1.3"
    fast-querystring: "npm:^1.0.0"
    safe-regex2: "npm:^5.0.0"
  checksum: 10c0/fbcf02bbc6cb8f739167074f664a8a08721e89b7f5e4a9ff67b42f36e2c692369d520a14f7a9ed9b5bb6e47d7714e1cd885ac9049ddeb81077be4edcfecfdcad
  languageName: node
  linkType: hard

"fsevents@npm:~2.3.2":
  version: 2.3.3
  resolution: "fsevents@npm:2.3.3"
  dependencies:
    node-gyp: "npm:latest"
  checksum: 10c0/a1f0c44595123ed717febbc478aa952e47adfc28e2092be66b8ab1635147254ca6cfe1df792a8997f22716d4cbafc73309899ff7bfac2ac3ad8cf2e4ecc3ec60
  conditions: os=darwin
  languageName: node
  linkType: hard

"fsevents@patch:fsevents@npm%3A~2.3.2#optional!builtin<compat/fsevents>":
  version: 2.3.3
  resolution: "fsevents@patch:fsevents@npm%3A2.3.3#optional!builtin<compat/fsevents>::version=2.3.3&hash=df0bf1"
  dependencies:
    node-gyp: "npm:latest"
  conditions: os=darwin
  languageName: node
  linkType: hard

"glob-parent@npm:~5.1.2":
  version: 5.1.2
  resolution: "glob-parent@npm:5.1.2"
  dependencies:
    is-glob: "npm:^4.0.1"
  checksum: 10c0/cab87638e2112bee3f839ef5f6e0765057163d39c66be8ec1602f3823da4692297ad4e972de876ea17c44d652978638d2fd583c6713d0eb6591706825020c9ee
  languageName: node
  linkType: hard

"glob@npm:^13.0.0":
  version: 13.0.6
  resolution: "glob@npm:13.0.6"
  dependencies:
    minimatch: "npm:^10.2.2"
    minipass: "npm:^7.1.3"
    path-scurry: "npm:^2.0.2"
  checksum: 10c0/269c236f11a9b50357fe7a8c6aadac667e01deb5242b19c84975628f05f4438d8ee1354bb62c5d6c10f37fd59911b54d7799730633a2786660d8c69f1d18120a
  languageName: node
  linkType: hard

"graceful-fs@npm:^4.2.6":
  version: 4.2.11
  resolution: "graceful-fs@npm:4.2.11"
  checksum: 10c0/386d011a553e02bc594ac2ca0bd6d9e4c22d7fa8cfbfc448a6d148c59ea881b092db9dbe3547ae4b88e55f1b01f7c4a2ecc53b310c042793e63aa44cf6c257f2
  languageName: node
  linkType: hard

"has-flag@npm:^3.0.0":
  version: 3.0.0
  resolution: "has-flag@npm:3.0.0"
  checksum: 10c0/1c6c83b14b8b1b3c25b0727b8ba3e3b647f99e9e6e13eb7322107261de07a4c1be56fc0d45678fc376e09772a3a1642ccdaf8fc69bdf123b6c086598397ce473
  languageName: node
  linkType: hard

"http-errors@npm:^2.0.0":
  version: 2.0.1
  resolution: "http-errors@npm:2.0.1"
  dependencies:
    depd: "npm:~2.0.0"
    inherits: "npm:~2.0.4"
    setprototypeof: "npm:~1.2.0"
    statuses: "npm:~2.0.2"
    toidentifier: "npm:~1.0.1"
  checksum: 10c0/fb38906cef4f5c83952d97661fe14dc156cb59fe54812a42cd448fa57b5c5dfcb38a40a916957737bd6b87aab257c0648d63eb5b6a9ca9f548e105b6072712d4
  languageName: node
  linkType: hard

"ignore-by-default@npm:^1.0.1":
  version: 1.0.1
  resolution: "ignore-by-default@npm:1.0.1"
  checksum: 10c0/9ab6e70e80f7cc12735def7ecb5527cfa56ab4e1152cd64d294522827f2dcf1f6d85531241537dc3713544e88dd888f65cb3c49c7b2cddb9009087c75274e533
  languageName: node
  linkType: hard

"inherits@npm:~2.0.4":
  version: 2.0.4
  resolution: "inherits@npm:2.0.4"
  checksum: 10c0/4e531f648b29039fb7426fb94075e6545faa1eb9fe83c29f0b6d9e7263aceb4289d2d4557db0d428188eeb449cc7c5e77b0a0b2c4e248ff2a65933a0dee49ef2
  languageName: node
  linkType: hard

"ipaddr.js@npm:^2.1.0":
  version: 2.5.0
  resolution: "ipaddr.js@npm:2.5.0"
  checksum: 10c0/5cef50d91a14f6388c3b5df3568ee7f8b18e07fa18896debc84d3393b78c1096e1b8e3a4f9fa9020c5ca5b556efc28550432f92a34d23c0cd643bd3194eb439d
  languageName: node
  linkType: hard

"is-binary-path@npm:~2.1.0":
  version: 2.1.0
  resolution: "is-binary-path@npm:2.1.0"
  dependencies:
    binary-extensions: "npm:^2.0.0"
  checksum: 10c0/a16eaee59ae2b315ba36fad5c5dcaf8e49c3e27318f8ab8fa3cdb8772bf559c8d1ba750a589c2ccb096113bb64497084361a25960899cb6172a6925ab6123d38
  languageName: node
  linkType: hard

"is-extglob@npm:^2.1.1":
  version: 2.1.1
  resolution: "is-extglob@npm:2.1.1"
  checksum: 10c0/5487da35691fbc339700bbb2730430b07777a3c21b9ebaecb3072512dfd7b4ba78ac2381a87e8d78d20ea08affb3f1971b4af629173a6bf435ff8a4c47747912
  languageName: node
  linkType: hard

"is-glob@npm:^4.0.1, is-glob@npm:~4.0.1":
  version: 4.0.3
  resolution: "is-glob@npm:4.0.3"
  dependencies:
    is-extglob: "npm:^2.1.1"
  checksum: 10c0/17fb4014e22be3bbecea9b2e3a76e9e34ff645466be702f1693e8f1ee1adac84710d0be0bd9f967d6354036fd51ab7c2741d954d6e91dae6bb69714de92c197a
  languageName: node
  linkType: hard

"is-number@npm:^7.0.0":
  version: 7.0.0
  resolution: "is-number@npm:7.0.0"
  checksum: 10c0/b4686d0d3053146095ccd45346461bc8e53b80aeb7671cc52a4de02dbbf7dc0d1d2a986e2fe4ae206984b4d34ef37e8b795ebc4f4295c978373e6575e295d811
  languageName: node
  linkType: hard

"isexe@npm:^4.0.0":
  version: 4.0.0
  resolution: "isexe@npm:4.0.0"
  checksum: 10c0/5884815115bceac452877659a9c7726382531592f43dc29e5d48b7c4100661aed54018cb90bd36cb2eaeba521092570769167acbb95c18d39afdccbcca06c5ce
  languageName: node
  linkType: hard

"json-schema-ref-resolver@npm:^3.0.0":
  version: 3.0.0
  resolution: "json-schema-ref-resolver@npm:3.0.0"
  dependencies:
    dequal: "npm:^2.0.3"
  checksum: 10c0/0b6f4b66951ac0f6864949c08317cf0b7f7ae94e8da0b94e40df3561dc1a0b77a69b669d60aa1511b06aa18469203886eb2e89fd6bb3dcf0be46c329d69b0115
  languageName: node
  linkType: hard

"json-schema-traverse@npm:^1.0.0":
  version: 1.0.0
  resolution: "json-schema-traverse@npm:1.0.0"
  checksum: 10c0/71e30015d7f3d6dc1c316d6298047c8ef98a06d31ad064919976583eb61e1018a60a0067338f0f79cabc00d84af3fcc489bd48ce8a46ea165d9541ba17fb30c6
  languageName: node
  linkType: hard

"light-my-request@npm:^6.0.0":
  version: 6.6.0
  resolution: "light-my-request@npm:6.6.0"
  dependencies:
    cookie: "npm:^1.0.1"
    process-warning: "npm:^4.0.0"
    set-cookie-parser: "npm:^2.6.0"
  checksum: 10c0/1440853cd3822ab83fbb1be4456099082dec8e9e3a4ea35c9d8d7d17a7ab98c83ad0a4c39a73a8c2b31b9ca70c57506e5b7a929495c149463ca0daca0d90dc6f
  languageName: node
  linkType: hard

"lru-cache@npm:^11.0.0":
  version: 11.5.3
  resolution: "lru-cache@npm:11.5.3"
  checksum: 10c0/2ad9bce6343a3544a1fd15364d8b35609aa52b2593d21fdc4877cabfe003b0f3deca4f9d6e9d13262f06e9e3d159de45c0a2f3edfc3adb46192333b5f146d8ed
  languageName: node
  linkType: hard

"mime@npm:^3":
  version: 3.0.0
  resolution: "mime@npm:3.0.0"
  bin:
    mime: cli.js
  checksum: 10c0/402e792a8df1b2cc41cb77f0dcc46472b7944b7ec29cb5bbcd398624b6b97096728f1239766d3fdeb20551dd8d94738344c195a6ea10c4f906eb0356323b0531
  languageName: node
  linkType: hard

"minimatch@npm:^10.2.1, minimatch@npm:^10.2.2":
  version: 10.2.6
  resolution: "minimatch@npm:10.2.6"
  dependencies:
    brace-expansion: "npm:^5.0.8"
  checksum: 10c0/4559a836243b98bd4d17ea9f7edae698717c76399eea7be374f3737f33164e4907f19e9726891ddeb122f750a5a7fa80d2ac43e851d6e5984dc4ff42ec127d3a
  languageName: node
  linkType: hard

"minipass@npm:^7.0.4, minipass@npm:^7.1.2, minipass@npm:^7.1.3":
  version: 7.1.3
  resolution: "minipass@npm:7.1.3"
  checksum: 10c0/539da88daca16533211ea5a9ee98dc62ff5742f531f54640dd34429e621955e91cc280a91a776026264b7f9f6735947629f920944e9c1558369e8bf22eb33fbb
  languageName: node
  linkType: hard

"minizlib@npm:^3.1.0":
  version: 3.1.0
  resolution: "minizlib@npm:3.1.0"
  dependencies:
    minipass: "npm:^7.1.2"
  checksum: 10c0/5aad75ab0090b8266069c9aabe582c021ae53eb33c6c691054a13a45db3b4f91a7fb1bd79151e6b4e9e9a86727b522527c0a06ec7d45206b745d54cd3097bcec
  languageName: node
  linkType: hard

"ms@npm:^2.1.3":
  version: 2.1.3
  resolution: "ms@npm:2.1.3"
  checksum: 10c0/d924b57e7312b3b63ad21fc5b3dc0af5e78d61a1fc7cfb5457edaf26326bf62be5307cc87ffb6862ef1c2b33b0233cdb5d4f01c4c958cc0d660948b65a287a48
  languageName: node
  linkType: hard

"node-addon-api@npm:^8.3.0":
  version: 8.9.2
  resolution: "node-addon-api@npm:8.9.2"
  dependencies:
    node-gyp: "npm:latest"
  checksum: 10c0/5cf5231e0da22b22862e6b593982a0e390ca89d022a9ac666c83deceecf20378cb8afe47c456ac1a58a9f62ef60099c950aec05814a287fdfd751d9d154fb12d
  languageName: node
  linkType: hard

"node-gyp-build@npm:^4.8.4":
  version: 4.8.4
  resolution: "node-gyp-build@npm:4.8.4"
  bin:
    node-gyp-build: bin.js
    node-gyp-build-optional: optional.js
    node-gyp-build-test: build-test.js
  checksum: 10c0/444e189907ece2081fe60e75368784f7782cfddb554b60123743dfb89509df89f1f29c03bbfa16b3a3e0be3f48799a4783f487da6203245fa5bed239ba7407e1
  languageName: node
  linkType: hard

"node-gyp@npm:latest":
  version: 13.1.0
  resolution: "node-gyp@npm:13.1.0"
  dependencies:
    env-paths: "npm:^2.2.0"
    exponential-backoff: "npm:^3.1.1"
    graceful-fs: "npm:^4.2.6"
    nopt: "npm:^10.0.0"
    proc-log: "npm:^7.0.0"
    semver: "npm:^7.3.5"
    tar: "npm:^7.5.7"
    tinyglobby: "npm:^0.2.12"
    undici: "npm:^8.4.1"
    which: "npm:^7.0.0"
  bin:
    node-gyp: bin/node-gyp.js
  checksum: 10c0/c6693e52e0e111b21f5cd8ff303b41b51f40338adcc79ac5c6a02399eba7039d50dc816dcafcc485870291a641f7cb75db8887a9bdd0de537fe635a3a81cba5b
  languageName: node
  linkType: hard

"nodemon@npm:^3.1.14":
  version: 3.1.14
  resolution: "nodemon@npm:3.1.14"
  dependencies:
    chokidar: "npm:^3.5.2"
    debug: "npm:^4"
    ignore-by-default: "npm:^1.0.1"
    minimatch: "npm:^10.2.1"
    pstree.remy: "npm:^1.1.8"
    semver: "npm:^7.5.3"
    simple-update-notifier: "npm:^2.0.0"
    supports-color: "npm:^5.5.0"
    touch: "npm:^3.1.0"
    undefsafe: "npm:^2.0.5"
  bin:
    nodemon: bin/nodemon.js
  checksum: 10c0/074f2056051a148ad11cda0d6c3f905bdef93a878792385f16e1dff0c63dcf07f23ebe1ab3763dca7314d0266e12129f066070545d817a205ee050a22eff50b0
  languageName: node
  linkType: hard

"nopt@npm:^10.0.0":
  version: 10.0.1
  resolution: "nopt@npm:10.0.1"
  dependencies:
    abbrev: "npm:^5.0.0"
  bin:
    nopt: bin/nopt.js
  checksum: 10c0/980d89257f9587f3e1f77877ddbf905d6aa3b738ec33e49a4fa1a059a0dd82eb28063982b150654a7ae9de386f2ead60e56172db7d37cf56de545f7392a2a26a
  languageName: node
  linkType: hard

"normalize-path@npm:^3.0.0, normalize-path@npm:~3.0.0":
  version: 3.0.0
  resolution: "normalize-path@npm:3.0.0"
  checksum: 10c0/e008c8142bcc335b5e38cf0d63cfd39d6cf2d97480af9abdbe9a439221fd4d749763bab492a8ee708ce7a194bb00c9da6d0a115018672310850489137b3da046
  languageName: node
  linkType: hard

"on-exit-leak-free@npm:^2.1.0":
  version: 2.1.2
  resolution: "on-exit-leak-free@npm:2.1.2"
  checksum: 10c0/faea2e1c9d696ecee919026c32be8d6a633a7ac1240b3b87e944a380e8a11dc9c95c4a1f8fb0568de7ab8db3823e790f12bda45296b1d111e341aad3922a0570
  languageName: node
  linkType: hard

"path-scurry@npm:^2.0.2":
  version: 2.0.2
  resolution: "path-scurry@npm:2.0.2"
  dependencies:
    lru-cache: "npm:^11.0.0"
    minipass: "npm:^7.1.2"
  checksum: 10c0/b35ad37cf6557a87fd057121ce2be7695380c9138d93e87ae928609da259ea0a170fac6f3ef1eb3ece8a068e8b7f2f3adf5bb2374cf4d4a57fe484954fcc9482
  languageName: node
  linkType: hard

"picomatch@npm:^2.0.4, picomatch@npm:^2.2.1":
  version: 2.3.2
  resolution: "picomatch@npm:2.3.2"
  checksum: 10c0/a554d1709e59be97d1acb9eaedbbc700a5c03dbd4579807baed95100b00420bc729335440ef15004ae2378984e2487a7c1cebd743cfdb72b6fa9ab69223c0d61
  languageName: node
  linkType: hard

"picomatch@npm:^4.0.4":
  version: 4.0.7
  resolution: "picomatch@npm:4.0.7"
  checksum: 10c0/beb6ae02c43ae44e84883b90830196d9046b1726ead292adcf7f57945e0bb0d992d68563d87e03b484b6f3c9a5c6defda7523477f047d7f0e663f126cc01787f
  languageName: node
  linkType: hard

"pino-abstract-transport@npm:^3.0.0":
  version: 3.0.0
  resolution: "pino-abstract-transport@npm:3.0.0"
  dependencies:
    split2: "npm:^4.0.0"
  checksum: 10c0/4486e1b9508110aaf963d07741ac98d660b974dd51d8ad42077d215118e27cda20c64da46c07c926898d52540aab7c6b9c37dc0f5355c203bb1d6a72b5bd8d6c
  languageName: node
  linkType: hard

"pino-std-serializers@npm:^7.0.0":
  version: 7.1.0
  resolution: "pino-std-serializers@npm:7.1.0"
  checksum: 10c0/d158615aa93ebdeac2d3912ad4227a23ef78cf14229e886214771f581e96eff312257f2d6368c75b2fbf53e5024eda475d81305014f4ed1a6d5eeab9107f6ef0
  languageName: node
  linkType: hard

"pino@npm:^9.14.0 || ^10.1.0":
  version: 10.3.1
  resolution: "pino@npm:10.3.1"
  dependencies:
    "@pinojs/redact": "npm:^0.4.0"
    atomic-sleep: "npm:^1.0.0"
    on-exit-leak-free: "npm:^2.1.0"
    pino-abstract-transport: "npm:^3.0.0"
    pino-std-serializers: "npm:^7.0.0"
    process-warning: "npm:^5.0.0"
    quick-format-unescaped: "npm:^4.0.3"
    real-require: "npm:^0.2.0"
    safe-stable-stringify: "npm:^2.3.1"
    sonic-boom: "npm:^4.0.1"
    thread-stream: "npm:^4.0.0"
  bin:
    pino: bin.js
  checksum: 10c0/ae1c57f2baac85dd5d63a3500746d5ea1cfc4bfcbf356eaec94d42a782eeb80caa4d4614de43a036cf48e2aed46d855a7ff21b126f55a63811def52a894ef937
  languageName: node
  linkType: hard

"proc-log@npm:^7.0.0":
  version: 7.0.0
  resolution: "proc-log@npm:7.0.0"
  checksum: 10c0/b89c2d862604f35fec795477b0c7e376feab3ba0d4f4d291c4e959567442697cf451ac557d0623c1cc38af45a78128b983410f397a10c5d3a67f76c33de4754b
  languageName: node
  linkType: hard

"process-warning@npm:^4.0.0":
  version: 4.0.1
  resolution: "process-warning@npm:4.0.1"
  checksum: 10c0/577a268b9fd5c3d9f6dbb4348220099391d830905642845d591e7ee8b1e45043d98b7b9826a3c1379bdd1686cdfe0f6cf349cb812affc5853b662e6a9896579e
  languageName: node
  linkType: hard

"process-warning@npm:^5.0.0, process-warning@npm:^5.1.0":
  version: 5.1.0
  resolution: "process-warning@npm:5.1.0"
  checksum: 10c0/2a48d48b575f4e7888fd4735a6604acd89914efa909f3db5dd20ae56e8a8cdd3c32a3c738bba539b46d1c5096630e15286bcb7c7fca18dfbf04cc7d00fe34a0f
  languageName: node
  linkType: hard

"projeto-biblioteca@workspace:.":
  version: 0.0.0-use.local
  resolution: "projeto-biblioteca@workspace:."
  dependencies:
    "@fastify/cookie": "npm:^11.1.2"
    "@fastify/session": "npm:^11.1.3"
    "@fastify/static": "npm:^10.1.5"
    bcrypt: "npm:^6.0.0"
    fastify: "npm:^5.12.5"
    nodemon: "npm:^3.1.14"
    uuid: "npm:^14.0.2"
    zod: "npm:^4.6.5"
  languageName: unknown
  linkType: soft

"pstree.remy@npm:^1.1.8":
  version: 1.1.8
  resolution: "pstree.remy@npm:1.1.8"
  checksum: 10c0/30f78c88ce6393cb3f7834216cb6e282eb83c92ccb227430d4590298ab2811bc4a4745f850a27c5178e79a8f3e316591de0fec87abc19da648c2b3c6eb766d14
  languageName: node
  linkType: hard

"quick-format-unescaped@npm:^4.0.3":
  version: 4.0.4
  resolution: "quick-format-unescaped@npm:4.0.4"
  checksum: 10c0/fe5acc6f775b172ca5b4373df26f7e4fd347975578199e7d74b2ae4077f0af05baa27d231de1e80e8f72d88275ccc6028568a7a8c9ee5e7368ace0e18eff93a4
  languageName: node
  linkType: hard

"readdirp@npm:~3.6.0":
  version: 3.6.0
  resolution: "readdirp@npm:3.6.0"
  dependencies:
    picomatch: "npm:^2.2.1"
  checksum: 10c0/6fa848cf63d1b82ab4e985f4cf72bd55b7dcfd8e0a376905804e48c3634b7e749170940ba77b32804d5fe93b3cc521aa95a8d7e7d725f830da6d93f3669ce66b
  languageName: node
  linkType: hard

"real-require@npm:^0.2.0":
  version: 0.2.0
  resolution: "real-require@npm:0.2.0"
  checksum: 10c0/23eea5623642f0477412ef8b91acd3969015a1501ed34992ada0e3af521d3c865bb2fe4cdbfec5fe4b505f6d1ef6a03e5c3652520837a8c3b53decff7e74b6a0
  languageName: node
  linkType: hard

"real-require@npm:^1.0.0":
  version: 1.0.0
  resolution: "real-require@npm:1.0.0"
  checksum: 10c0/74d44b360b8b662d29c646f4688da462c4b10243b11d22ff9635395e81951a9c1ed349393411c4911ca6f3474c3e10e812bf4767052706abb863ba59bde0813b
  languageName: node
  linkType: hard

"require-from-string@npm:^2.0.2":
  version: 2.0.2
  resolution: "require-from-string@npm:2.0.2"
  checksum: 10c0/aaa267e0c5b022fc5fd4eef49d8285086b15f2a1c54b28240fdf03599cbd9c26049fee3eab894f2e1f6ca65e513b030a7c264201e3f005601e80c49fb2937ce2
  languageName: node
  linkType: hard

"ret@npm:~0.5.0":
  version: 0.5.0
  resolution: "ret@npm:0.5.0"
  checksum: 10c0/220868b194f87bf1998e32e409086eec6b39e860c052bf267f8ad4d0131706a9773d45fd3f91acfb1a7c928fce002b694ab86fdba90bc8d4b8df68fa8645c5cc
  languageName: node
  linkType: hard

"reusify@npm:^1.0.4":
  version: 1.1.0
  resolution: "reusify@npm:1.1.0"
  checksum: 10c0/4eff0d4a5f9383566c7d7ec437b671cc51b25963bd61bf127c3f3d3f68e44a026d99b8d2f1ad344afff8d278a8fe70a8ea092650a716d22287e8bef7126bb2fa
  languageName: node
  linkType: hard

"rfdc@npm:^1.2.0, rfdc@npm:^1.3.1":
  version: 1.4.1
  resolution: "rfdc@npm:1.4.1"
  checksum: 10c0/4614e4292356cafade0b6031527eea9bc90f2372a22c012313be1dcc69a3b90c7338158b414539be863fa95bfcb2ddcd0587be696841af4e6679d85e62c060c7
  languageName: node
  linkType: hard

"safe-regex2@npm:^5.0.0":
  version: 5.1.1
  resolution: "safe-regex2@npm:5.1.1"
  dependencies:
    ret: "npm:~0.5.0"
  bin:
    safe-regex2: bin/safe-regex2.js
  checksum: 10c0/65c59fb33de8e500fa1d7254cc7f9b6b8b932f925bcfc8d92273ec024c259052a2b3c975bbf5a9f9dd49cd3b0fa394fb56f36d6b10e394404056edfd1223fd17
  languageName: node
  linkType: hard

"safe-stable-stringify@npm:^2.3.1, safe-stable-stringify@npm:^2.4.3":
  version: 2.5.0
  resolution: "safe-stable-stringify@npm:2.5.0"
  checksum: 10c0/baea14971858cadd65df23894a40588ed791769db21bafb7fd7608397dbdce9c5aac60748abae9995e0fc37e15f2061980501e012cd48859740796bea2987f49
  languageName: node
  linkType: hard

"secure-json-parse@npm:^4.0.0":
  version: 4.1.0
  resolution: "secure-json-parse@npm:4.1.0"
  checksum: 10c0/52b3f8125ea974db1333a5b63e6a1df550c36c0d5f9a263911d6732812bd02e938b30be324dcbbb9da3ef9bf5a84849e0dd911f56544003d3c09e8eee12504de
  languageName: node
  linkType: hard

"semver@npm:^7.3.5, semver@npm:^7.5.3, semver@npm:^7.6.0":
  version: 7.8.5
  resolution: "semver@npm:7.8.5"
  bin:
    semver: bin/semver.js
  checksum: 10c0/b1f3127a5be8125a94f37188b361c212466c292c6910adce3ec106cff5dc211ccaedc4739c11bb70fda59d6fc1f040a9bca289f4e093451521a2372e5231fe0c
  languageName: node
  linkType: hard

"set-cookie-parser@npm:^2.6.0":
  version: 2.7.2
  resolution: "set-cookie-parser@npm:2.7.2"
  checksum: 10c0/4381a9eb7ee951dfe393fe7aacf76b9a3b4e93a684d2162ab35594fa4053cc82a4d7d7582bf397718012c9adcf839b8cd8f57c6c42901ea9effe33c752da4a45
  languageName: node
  linkType: hard

"setprototypeof@npm:~1.2.0":
  version: 1.2.0
  resolution: "setprototypeof@npm:1.2.0"
  checksum: 10c0/68733173026766fa0d9ecaeb07f0483f4c2dc70ca376b3b7c40b7cda909f94b0918f6c5ad5ce27a9160bdfb475efaa9d5e705a11d8eaae18f9835d20976028bc
  languageName: node
  linkType: hard

"simple-update-notifier@npm:^2.0.0":
  version: 2.0.0
  resolution: "simple-update-notifier@npm:2.0.0"
  dependencies:
    semver: "npm:^7.5.3"
  checksum: 10c0/2a00bd03bfbcbf8a737c47ab230d7920f8bfb92d1159d421bdd194479f6d01ebc995d13fbe13d45dace23066a78a3dc6642999b4e3b38b847e6664191575b20c
  languageName: node
  linkType: hard

"sonic-boom@npm:^4.0.1":
  version: 4.2.1
  resolution: "sonic-boom@npm:4.2.1"
  dependencies:
    atomic-sleep: "npm:^1.0.0"
  checksum: 10c0/f374e9c3dfe194d706d8ef8aed4e28bc10638f9952fd19bcbddf2cef05d53334ad9e9dca3e01e24e88dd88fb278c6b8c5b2ae5002494b289c4914aaea3d9eae9
  languageName: node
  linkType: hard

"split2@npm:^4.0.0":
  version: 4.2.0
  resolution: "split2@npm:4.2.0"
  checksum: 10c0/b292beb8ce9215f8c642bb68be6249c5a4c7f332fc8ecadae7be5cbdf1ea95addc95f0459ef2e7ad9d45fd1064698a097e4eb211c83e772b49bc0ee423e91534
  languageName: node
  linkType: hard

"statuses@npm:~2.0.2":
  version: 2.0.2
  resolution: "statuses@npm:2.0.2"
  checksum: 10c0/a9947d98ad60d01f6b26727570f3bcceb6c8fa789da64fe6889908fe2e294d57503b14bf2b5af7605c2d36647259e856635cd4c49eab41667658ec9d0080ec3f
  languageName: node
  linkType: hard

"supports-color@npm:^5.5.0":
  version: 5.5.0
  resolution: "supports-color@npm:5.5.0"
  dependencies:
    has-flag: "npm:^3.0.0"
  checksum: 10c0/6ae5ff319bfbb021f8a86da8ea1f8db52fac8bd4d499492e30ec17095b58af11f0c55f8577390a749b1c4dde691b6a0315dab78f5f54c9b3d83f8fb5905c1c05
  languageName: node
  linkType: hard

"tar@npm:^7.5.7":
  version: 7.5.22
  resolution: "tar@npm:7.5.22"
  dependencies:
    "@isaacs/fs-minipass": "npm:^4.0.0"
    chownr: "npm:^3.0.0"
    minipass: "npm:^7.1.2"
    minizlib: "npm:^3.1.0"
    yallist: "npm:^5.0.0"
  checksum: 10c0/1311f6be85a8157ac4c9147bae43e13923d2a1aae15e4aa1bd5239e4e03d2cf53cfe103dde7f35832fbb4c938b042856bc8e9a0afd29abd05e2d1608788c4fea
  languageName: node
  linkType: hard

"thread-stream@npm:^4.0.0":
  version: 4.2.0
  resolution: "thread-stream@npm:4.2.0"
  dependencies:
    real-require: "npm:^1.0.0"
  checksum: 10c0/2d55ace44785a2547b9b15c61c1d2db6d5b3712e21ddb1be23b1f5d19387ac8f153f24767bfae03b3f7c8651eb83758e1fcbb954e1077336b562d2d2cd723137
  languageName: node
  linkType: hard

"tinyglobby@npm:^0.2.12":
  version: 0.2.17
  resolution: "tinyglobby@npm:0.2.17"
  dependencies:
    fdir: "npm:^6.5.0"
    picomatch: "npm:^4.0.4"
  checksum: 10c0/7f7bb0f197c88bc4b20c231e0deca4240ca3bf313a88f5a7fee93a872b84966a4d50220947c0455ad07a60b3b360961c5b7fd979222aeb716a9f99b412002e4c
  languageName: node
  linkType: hard

"to-regex-range@npm:^5.0.1":
  version: 5.0.1
  resolution: "to-regex-range@npm:5.0.1"
  dependencies:
    is-number: "npm:^7.0.0"
  checksum: 10c0/487988b0a19c654ff3e1961b87f471702e708fa8a8dd02a298ef16da7206692e8552a0250e8b3e8759270f62e9d8314616f6da274734d3b558b1fc7b7724e892
  languageName: node
  linkType: hard

"toad-cache@npm:^3.7.0":
  version: 3.7.4
  resolution: "toad-cache@npm:3.7.4"
  checksum: 10c0/4a33f9c1e9eea84d0fc019805fe346c8f69e9820f44745f65b77a282d60928c61ad851c258d74e77ad3d2651a28d3d9c8129d1e8c1647902042220f54e7dd026
  languageName: node
  linkType: hard

"toidentifier@npm:~1.0.1":
  version: 1.0.1
  resolution: "toidentifier@npm:1.0.1"
  checksum: 10c0/93937279934bd66cc3270016dd8d0afec14fb7c94a05c72dc57321f8bd1fa97e5bea6d1f7c89e728d077ca31ea125b78320a616a6c6cd0e6b9cb94cb864381c1
  languageName: node
  linkType: hard

"touch@npm:^3.1.0":
  version: 3.1.1
  resolution: "touch@npm:3.1.1"
  bin:
    nodetouch: bin/nodetouch.js
  checksum: 10c0/d2e4d269a42c846a22a29065b9af0b263de58effc85a1764bb7a2e8fc4b47700e9e2fcbd7eb1f5bffbb7c73d860f93600cef282b93ddac8f0b62321cb498b36e
  languageName: node
  linkType: hard

"undefsafe@npm:^2.0.5":
  version: 2.0.5
  resolution: "undefsafe@npm:2.0.5"
  checksum: 10c0/96c0466a5fbf395917974a921d5d4eee67bca4b30d3a31ce7e621e0228c479cf893e783a109af6e14329b52fe2f0cb4108665fad2b87b0018c0df6ac771261d5
  languageName: node
  linkType: hard

"undici@npm:^8.4.1":
  version: 8.11.2
  resolution: "undici@npm:8.11.2"
  checksum: 10c0/106f6991178fb7562fd90cdec7993c5f807a9428682306091f0c4b27fc474ec291f868e29972c6252988bf061ad193df943b3b99e775be157a28d92bbb95699d
  languageName: node
  linkType: hard

"uuid@npm:^14.0.2":
  version: 14.0.2
  resolution: "uuid@npm:14.0.2"
  bin:
    uuid: dist-node/bin/uuid
  checksum: 10c0/88906237004db370b013129c8372a2149f6fa1aad7a5f78fa65ddf2ba0a8663097022300d81fa01f551efee9d6bbe8c7ab140dc6d49f1b03d289f855096990c9
  languageName: node
  linkType: hard

"which@npm:^7.0.0":
  version: 7.0.0
  resolution: "which@npm:7.0.0"
  dependencies:
    isexe: "npm:^4.0.0"
  bin:
    node-which: bin/which.js
  checksum: 10c0/ca0b54f198f78bbc4b7c02e34bda8d335cb352e0adb4cbca1c37b1a957af3a879a82c4c27ca6525bc942f548d8b64f816ef6528360af9f3de55ffb9b979b620d
  languageName: node
  linkType: hard

"yallist@npm:^5.0.0":
  version: 5.0.0
  resolution: "yallist@npm:5.0.0"
  checksum: 10c0/a499c81ce6d4a1d260d4ea0f6d49ab4da09681e32c3f0472dee16667ed69d01dae63a3b81745a24bd78476ec4fcf856114cb4896ace738e01da34b2c42235416
  languageName: node
  linkType: hard

"zod@npm:^4.6.5":
  version: 4.6.5
  resolution: "zod@npm:4.6.5"
  checksum: 10c0/32eb6c5e98becbe045675b2141c3611451c16ba567f9779231d79af41c4d651ca1c22f154aef7e6c6e77b929f23e43f1154ca05b82e119e922353725d6776af5
  languageName: node
  linkType: hard
